github.com/absfs/absfs v0.0.0-20251123020225-d768e7374215 h1:ofbeveNhO7HTwlcPely08Q3wYAIva71Bouf7FeHsV1o=
github.com/absfs/absfs v0.0.0-20251123020225-d768e7374215/go.mod h1:IvFD36FQcMxLLZNhs2Lms+Uosc0G3AJ2JHOJIz8E5d8=
github.com/absfs/fstesting v0.0.0-20251206231118-7a50ca2cce8a h1:XDf6hhmXiLj7WjXm0+6P5EM7TYV19cxFye0CJncyhzw=
github.com/absfs/fstesting v0.0.0-20251206231118-7a50ca2cce8a/go.mod h1:k+GNl+VG/teXQBkCH5vt+gzPtkDCQTjX+hTgpDnnqEs=
github.com/absfs/inode v0.0.1 h1:xYufK8Zq/4MT0/ioqmrXIzjcAZisM4q+90FN62JlsbU=
github.com/absfs/inode v0.0.1/go.mod h1:98Uz4QOknMBXXWwXUIs2TzSwuz+9mbSAKASbwF1eld8=
github.com/absfs/memfs v0.0.0-20251123003602-523f8650011b h1:q1E6lPBoKneLihl2gqseSXBPykF6y3zp4skq21uNA+E=
github.com/absfs/memfs v0.0.0-20251123003602-523f8650011b/go.mod h1:ITY8mYr6yHK7ZTNblu5zQk33tMIRaJhoa+YX8/talDk=
github.com/absfs/osfs v0.1.0-fastwalk h1:dEHAusiK/K8ROQgohL25q+cyqbiMXzSt1pgR3nbhNEg=
github.com/absfs/osfs v0.1.0-fastwalk/go.mod h1:IIzwVILCbb3j0VHjcAQ7Xwpdz1h57eUzZil7DCIel/c=
